
Microsoft Visual Studio Solution File, Format Version 12.00
# Visual Studio 15
VisualStudioVersion = 15.0.28307.421
MinimumVisualStudioVersion = 10.0.40219.1
Project("{FAE04EC0-301F-11D3-BF4B-00C04F79EFBC}") = "MvvmXamarinShow.Android", "MvvmXamarinShow\MvvmXamarinShow.Android\MvvmXamarinShow.Android.csproj", "{6CC040D0-35F5-47AA-A3F0-077772AFA147}"
EndProject
Project("{FAE04EC0-301F-11D3-BF4B-00C04F79EFBC}") = "MvvmXamarinShow.iOS", "MvvmXamarinShow\MvvmXamarinShow.iOS\MvvmXamarinShow.iOS.csproj", "{9B485615-3C84-42DC-BCE6-4E8C2C45F21F}"
EndProject
Project("{FAE04EC0-301F-11D3-BF4B-00C04F79EFBC}") = "MvvmXamarinShow.UWP", "MvvmXamarinShow\MvvmXamarinShow.UWP\MvvmXamarinShow.UWP.csproj", "{6FA00E11-8FB4-457C-BAEA-58AC2DB3E433}"
EndProject
Project("{FAE04EC0-301F-11D3-BF4B-00C04F79EFBC}") = "MvvmXamarinShow", "MvvmXamarinShow\MvvmXamarinShow\MvvmXamarinShow.csproj", "{7F307CBE-BB46-44C6-A6EC-16685B4143B6}"
EndProject
Project("{2150E333-8FDC-42A3-9474-1A3956D46DE8}") = "Solution Items", "Solution Items", "{E2128570-B029-4BAA-9056-2E9E77B5F063}"
	ProjectSection(SolutionItems) = preProject
		.editorconfig = .editorconfig
	EndProjectSection
EndProject
Global
	GlobalSection(SolutionConfigurationPlatforms) = preSolution
		Ad-Hoc|Any CPU = Ad-Hoc|Any CPU
		Ad-Hoc|ARM = Ad-Hoc|ARM
		Ad-Hoc|iPhone = Ad-Hoc|iPhone
		Ad-Hoc|iPhoneSimulator = Ad-Hoc|iPhoneSimulator
		Ad-Hoc|x64 = Ad-Hoc|x64
		Ad-Hoc|x86 = Ad-Hoc|x86
		AppStore|Any CPU = AppStore|Any CPU
		AppStore|ARM = AppStore|ARM
		AppStore|iPhone = AppStore|iPhone
		AppStore|iPhoneSimulator = AppStore|iPhoneSimulator
		AppStore|x64 = AppStore|x64
		AppStore|x86 = AppStore|x86
		Debug|Any CPU = Debug|Any CPU
		Debug|ARM = Debug|ARM
		Debug|iPhone = Debug|iPhone
		Debug|iPhoneSimulator = Debug|iPhoneSimulator
		Debug|x64 = Debug|x64
		Debug|x86 = Debug|x86
		Release|Any CPU = Release|Any CPU
		Release|ARM = Release|ARM
		Release|iPhone = Release|iPhone
		Release|iPhoneSimulator = Release|iPhoneSimulator
		Release|x64 = Release|x64
		Release|x86 = Release|x86
	EndGlobalSection
	GlobalSection(ProjectConfigurationPlatforms) = postSolution
		{6CC040D0-35F5-47AA-A3F0-077772AFA147}.Ad-Hoc|Any CPU.ActiveCfg = Release|Any CPU
		{6CC040D0-35F5-47AA-A3F0-077772AFA147}.Ad-Hoc|Any CPU.Build.0 = Release|Any CPU
		{6CC040D0-35F5-47AA-A3F0-077772AFA147}.Ad-Hoc|Any CPU.Deploy.0 = Release|Any CPU
		{6CC040D0-35F5-47AA-A3F0-077772AFA147}.Ad-Hoc|ARM.ActiveCfg = Release|Any CPU
		{6CC040D0-35F5-47AA-A3F0-077772AFA147}.Ad-Hoc|ARM.Build.0 = Release|Any CPU
		{6CC040D0-35F5-47AA-A3F0-077772AFA147}.Ad-Hoc|ARM.Deploy.0 = Release|Any CPU
		{6CC040D0-35F5-47AA-A3F0-077772AFA147}.Ad-Hoc|iPhone.ActiveCfg = Release|Any CPU
		{6CC040D0-35F5-47AA-A3F0-077772AFA147}.Ad-Hoc|iPhone.Build.0 = Release|Any CPU
		{6CC040D0-35F5-47AA-A3F0-077772AFA147}.Ad-Hoc|iPhone.Deploy.0 = Release|Any CPU
		{6CC040D0-35F5-47AA-A3F0-077772AFA147}.Ad-Hoc|iPhoneSimulator.ActiveCfg = Release|Any CPU
		{6CC040D0-35F5-47AA-A3F0-077772AFA147}.Ad-Hoc|iPhoneSimulator.Build.0 = Release|Any CPU
		{6CC040D0-35F5-47AA-A3F0-077772AFA147}.Ad-Hoc|iPhoneSimulator.Deploy.0 = Release|Any CPU
		{6CC040D0-35F5-47AA-A3F0-077772AFA147}.Ad-Hoc|x64.ActiveCfg = Release|Any CPU
		{6CC040D0-35F5-47AA-A3F0-077772AFA147}.Ad-Hoc|x64.Build.0 = Release|Any CPU
		{6CC040D0-35F5-47AA-A3F0-077772AFA147}.Ad-Hoc|x64.Deploy.0 = Release|Any CPU
		{6CC040D0-35F5-47AA-A3F0-077772AFA147}.Ad-Hoc|x86.ActiveCfg = Release|Any CPU
		{6CC040D0-35F5-47AA-A3F0-077772AFA147}.Ad-Hoc|x86.Build.0 = Release|Any CPU
		{6CC040D0-35F5-47AA-A3F0-077772AFA147}.Ad-Hoc|x86.Deploy.0 = Release|Any CPU
		{6CC040D0-35F5-47AA-A3F0-077772AFA147}.AppStore|Any CPU.ActiveCfg = Release|Any CPU
		{6CC040D0-35F5-47AA-A3F0-077772AFA147}.AppStore|Any CPU.Build.0 = Release|Any CPU
		{6CC040D0-35F5-47AA-A3F0-077772AFA147}.AppStore|Any CPU.Deploy.0 = Release|Any CPU
		{6CC040D0-35F5-47AA-A3F0-077772AFA147}.AppStore|ARM.ActiveCfg = Release|Any CPU
		{6CC040D0-35F5-47AA-A3F0-077772AFA147}.AppStore|ARM.Build.0 = Release|Any CPU
		{6CC040D0-35F5-47AA-A3F0-077772AFA147}.AppStore|ARM.Deploy.0 = Release|Any CPU
		{6CC040D0-35F5-47AA-A3F0-077772AFA147}.AppStore|iPhone.ActiveCfg = Release|Any CPU
		{6CC040D0-35F5-47AA-A3F0-077772AFA147}.AppStore|iPhone.Build.0 = Release|Any CPU
		{6CC040D0-35F5-47AA-A3F0-077772AFA147}.AppStore|iPhone.Deploy.0 = Release|Any CPU
		{6CC040D0-35F5-47AA-A3F0-077772AFA147}.AppStore|iPhoneSimulator.ActiveCfg = Release|Any CPU
		{6CC040D0-35F5-47AA-A3F0-077772AFA147}.AppStore|iPhoneSimulator.Build.0 = Release|Any CPU
		{6CC040D0-35F5-47AA-A3F0-077772AFA147}.AppStore|iPhoneSimulator.Deploy.0 = Release|Any CPU
		{6CC040D0-35F5-47AA-A3F0-077772AFA147}.AppStore|x64.ActiveCfg = Release|Any CPU
		{6CC040D0-35F5-47AA-A3F0-077772AFA147}.AppStore|x64.Build.0 = Release|Any CPU
		{6CC040D0-35F5-47AA-A3F0-077772AFA147}.AppStore|x64.Deploy.0 = Release|Any CPU
		{6CC040D0-35F5-47AA-A3F0-077772AFA147}.AppStore|x86.ActiveCfg = Release|Any CPU
		{6CC040D0-35F5-47AA-A3F0-077772AFA147}.AppStore|x86.Build.0 = Release|Any CPU
		{6CC040D0-35F5-47AA-A3F0-077772AFA147}.AppStore|x86.Deploy.0 = Release|Any CPU
		{6CC040D0-35F5-47AA-A3F0-077772AFA147}.Debug|Any CPU.ActiveCfg = Debug|Any CPU
		{6CC040D0-35F5-47AA-A3F0-077772AFA147}.Debug|Any CPU.Build.0 = Debug|Any CPU
		{6CC040D0-35F5-47AA-A3F0-077772AFA147}.Debug|Any CPU.Deploy.0 = Debug|Any CPU
		{6CC040D0-35F5-47AA-A3F0-077772AFA147}.Debug|ARM.ActiveCfg = Debug|Any CPU
		{6CC040D0-35F5-47AA-A3F0-077772AFA147}.Debug|ARM.Build.0 = Debug|Any CPU
		{6CC040D0-35F5-47AA-A3F0-077772AFA147}.Debug|ARM.Deploy.0 = Debug|Any CPU
		{6CC040D0-35F5-47AA-A3F0-077772AFA147}.Debug|iPhone.ActiveCfg = Debug|Any CPU
		{6CC040D0-35F5-47AA-A3F0-077772AFA147}.Debug|iPhone.Build.0 = Debug|Any CPU
		{6CC040D0-35F5-47AA-A3F0-077772AFA147}.Debug|iPhone.Deploy.0 = Debug|Any CPU
		{6CC040D0-35F5-47AA-A3F0-077772AFA147}.Debug|iPhoneSimulator.ActiveCfg = Debug|Any CPU
		{6CC040D0-35F5-47AA-A3F0-077772AFA147}.Debug|iPhoneSimulator.Build.0 = Debug|Any CPU
		{6CC040D0-35F5-47AA-A3F0-077772AFA147}.Debug|iPhoneSimulator.Deploy.0 = Debug|Any CPU
		{6CC040D0-35F5-47AA-A3F0-077772AFA147}.Debug|x64.ActiveCfg = Debug|Any CPU
		{6CC040D0-35F5-47AA-A3F0-077772AFA147}.Debug|x64.Build.0 = Debug|Any CPU
		{6CC040D0-35F5-47AA-A3F0-077772AFA147}.Debug|x64.Deploy.0 = Debug|Any CPU
		{6CC040D0-35F5-47AA-A3F0-077772AFA147}.Debug|x86.ActiveCfg = Debug|Any CPU
		{6CC040D0-35F5-47AA-A3F0-077772AFA147}.Debug|x86.Build.0 = Debug|Any CPU
		{6CC040D0-35F5-47AA-A3F0-077772AFA147}.Debug|x86.Deploy.0 = Debug|Any CPU
		{6CC040D0-35F5-47AA-A3F0-077772AFA147}.Release|Any CPU.ActiveCfg = Release|Any CPU
		{6CC040D0-35F5-47AA-A3F0-077772AFA147}.Release|Any CPU.Build.0 = Release|Any CPU
		{6CC040D0-35F5-47AA-A3F0-077772AFA147}.Release|Any CPU.Deploy.0 = Release|Any CPU
		{6CC040D0-35F5-47AA-A3F0-077772AFA147}.Release|ARM.ActiveCfg = Release|Any CPU
		{6CC040D0-35F5-47AA-A3F0-077772AFA147}.Release|ARM.Build.0 = Release|Any CPU
		{6CC040D0-35F5-47AA-A3F0-077772AFA147}.Release|ARM.Deploy.0 = Release|Any CPU
		{6CC040D0-35F5-47AA-A3F0-077772AFA147}.Release|iPhone.ActiveCfg = Release|Any CPU
		{6CC040D0-35F5-47AA-A3F0-077772AFA147}.Release|iPhone.Build.0 = Release|Any CPU
		{6CC040D0-35F5-47AA-A3F0-077772AFA147}.Release|iPhone.Deploy.0 = Release|Any CPU
		{6CC040D0-35F5-47AA-A3F0-077772AFA147}.Release|iPhoneSimulator.ActiveCfg = Release|Any CPU
		{6CC040D0-35F5-47AA-A3F0-077772AFA147}.Release|iPhoneSimulator.Build.0 = Release|Any CPU
		{6CC040D0-35F5-47AA-A3F0-077772AFA147}.Release|iPhoneSimulator.Deploy.0 = Release|Any CPU
		{6CC040D0-35F5-47AA-A3F0-077772AFA147}.Release|x64.ActiveCfg = Release|Any CPU
		{6CC040D0-35F5-47AA-A3F0-077772AFA147}.Release|x64.Build.0 = Release|Any CPU
		{6CC040D0-35F5-47AA-A3F0-077772AFA147}.Release|x64.Deploy.0 = Release|Any CPU
		{6CC040D0-35F5-47AA-A3F0-077772AFA147}.Release|x86.ActiveCfg = Release|Any CPU
		{6CC040D0-35F5-47AA-A3F0-077772AFA147}.Release|x86.Build.0 = Release|Any CPU
		{6CC040D0-35F5-47AA-A3F0-077772AFA147}.Release|x86.Deploy.0 = Release|Any CPU
		{9B485615-3C84-42DC-BCE6-4E8C2C45F21F}.Ad-Hoc|Any CPU.ActiveCfg = Ad-Hoc|iPhone
		{9B485615-3C84-42DC-BCE6-4E8C2C45F21F}.Ad-Hoc|Any CPU.Build.0 = Ad-Hoc|iPhone
		{9B485615-3C84-42DC-BCE6-4E8C2C45F21F}.Ad-Hoc|Any CPU.Deploy.0 = Ad-Hoc|iPhone
		{9B485615-3C84-42DC-BCE6-4E8C2C45F21F}.Ad-Hoc|ARM.ActiveCfg = Ad-Hoc|iPhone
		{9B485615-3C84-42DC-BCE6-4E8C2C45F21F}.Ad-Hoc|ARM.Build.0 = Ad-Hoc|iPhone
		{9B485615-3C84-42DC-BCE6-4E8C2C45F21F}.Ad-Hoc|ARM.Deploy.0 = Ad-Hoc|iPhone
		{9B485615-3C84-42DC-BCE6-4E8C2C45F21F}.Ad-Hoc|iPhone.ActiveCfg = Ad-Hoc|iPhone
		{9B485615-3C84-42DC-BCE6-4E8C2C45F21F}.Ad-Hoc|iPhone.Build.0 = Ad-Hoc|iPhone
		{9B485615-3C84-42DC-BCE6-4E8C2C45F21F}.Ad-Hoc|iPhone.Deploy.0 = Ad-Hoc|iPhone
		{9B485615-3C84-42DC-BCE6-4E8C2C45F21F}.Ad-Hoc|iPhoneSimulator.ActiveCfg = Ad-Hoc|iPhoneSimulator
		{9B485615-3C84-42DC-BCE6-4E8C2C45F21F}.Ad-Hoc|iPhoneSimulator.Build.0 = Ad-Hoc|iPhoneSimulator
		{9B485615-3C84-42DC-BCE6-4E8C2C45F21F}.Ad-Hoc|iPhoneSimulator.Deploy.0 = Ad-Hoc|iPhoneSimulator
		{9B485615-3C84-42DC-BCE6-4E8C2C45F21F}.Ad-Hoc|x64.ActiveCfg = Ad-Hoc|iPhone
		{9B485615-3C84-42DC-BCE6-4E8C2C45F21F}.Ad-Hoc|x64.Build.0 = Ad-Hoc|iPhone
		{9B485615-3C84-42DC-BCE6-4E8C2C45F21F}.Ad-Hoc|x64.Deploy.0 = Ad-Hoc|iPhone
		{9B485615-3C84-42DC-BCE6-4E8C2C45F21F}.Ad-Hoc|x86.ActiveCfg = Ad-Hoc|iPhone
		{9B485615-3C84-42DC-BCE6-4E8C2C45F21F}.Ad-Hoc|x86.Build.0 = Ad-Hoc|iPhone
		{9B485615-3C84-42DC-BCE6-4E8C2C45F21F}.Ad-Hoc|x86.Deploy.0 = Ad-Hoc|iPhone
		{9B485615-3C84-42DC-BCE6-4E8C2C45F21F}.AppStore|Any CPU.ActiveCfg = AppStore|iPhone
		{9B485615-3C84-42DC-BCE6-4E8C2C45F21F}.AppStore|Any CPU.Build.0 = AppStore|iPhone
		{9B485615-3C84-42DC-BCE6-4E8C2C45F21F}.AppStore|Any CPU.Deploy.0 = AppStore|iPhone
		{9B485615-3C84-42DC-BCE6-4E8C2C45F21F}.AppStore|ARM.ActiveCfg = AppStore|iPhone
		{9B485615-3C84-42DC-BCE6-4E8C2C45F21F}.AppStore|ARM.Build.0 = AppStore|iPhone
		{9B485615-3C84-42DC-BCE6-4E8C2C45F21F}.AppStore|ARM.Deploy.0 = AppStore|iPhone
		{9B485615-3C84-42DC-BCE6-4E8C2C45F21F}.AppStore|iPhone.ActiveCfg = AppStore|iPhone
		{9B485615-3C84-42DC-BCE6-4E8C2C45F21F}.AppStore|iPhone.Build.0 = AppStore|iPhone
		{9B485615-3C84-42DC-BCE6-4E8C2C45F21F}.AppStore|iPhone.Deploy.0 = AppStore|iPhone
		{9B485615-3C84-42DC-BCE6-4E8C2C45F21F}.AppStore|iPhoneSimulator.ActiveCfg = AppStore|iPhoneSimulator
		{9B485615-3C84-42DC-BCE6-4E8C2C45F21F}.AppStore|iPhoneSimulator.Build.0 = AppStore|iPhoneSimulator
		{9B485615-3C84-42DC-BCE6-4E8C2C45F21F}.AppStore|iPhoneSimulator.Deploy.0 = AppStore|iPhoneSimulator
		{9B485615-3C84-42DC-BCE6-4E8C2C45F21F}.AppStore|x64.ActiveCfg = AppStore|iPhone
		{9B485615-3C84-42DC-BCE6-4E8C2C45F21F}.AppStore|x64.Build.0 = AppStore|iPhone
		{9B485615-3C84-42DC-BCE6-4E8C2C45F21F}.AppStore|x64.Deploy.0 = AppStore|iPhone
		{9B485615-3C84-42DC-BCE6-4E8C2C45F21F}.AppStore|x86.ActiveCfg = AppStore|iPhone
		{9B485615-3C84-42DC-BCE6-4E8C2C45F21F}.AppStore|x86.Build.0 = AppStore|iPhone
		{9B485615-3C84-42DC-BCE6-4E8C2C45F21F}.AppStore|x86.Deploy.0 = AppStore|iPhone
		{9B485615-3C84-42DC-BCE6-4E8C2C45F21F}.Debug|Any CPU.ActiveCfg = Debug|iPhoneSimulator
		{9B485615-3C84-42DC-BCE6-4E8C2C45F21F}.Debug|Any CPU.Build.0 = Debug|iPhoneSimulator
		{9B485615-3C84-42DC-BCE6-4E8C2C45F21F}.Debug|Any CPU.Deploy.0 = Debug|iPhoneSimulator
		{9B485615-3C84-42DC-BCE6-4E8C2C45F21F}.Debug|ARM.ActiveCfg = Debug|iPhone
		{9B485615-3C84-42DC-BCE6-4E8C2C45F21F}.Debug|ARM.Build.0 = Debug|iPhone
		{9B485615-3C84-42DC-BCE6-4E8C2C45F21F}.Debug|ARM.Deploy.0 = Debug|iPhone
		{9B485615-3C84-42DC-BCE6-4E8C2C45F21F}.Debug|iPhone.ActiveCfg = Debug|iPhone
		{9B485615-3C84-42DC-BCE6-4E8C2C45F21F}.Debug|iPhone.Build.0 = Debug|iPhone
		{9B485615-3C84-42DC-BCE6-4E8C2C45F21F}.Debug|iPhone.Deploy.0 = Debug|iPhone
		{9B485615-3C84-42DC-BCE6-4E8C2C45F21F}.Debug|iPhoneSimulator.ActiveCfg = Debug|iPhoneSimulator
		{9B485615-3C84-42DC-BCE6-4E8C2C45F21F}.Debug|iPhoneSimulator.Build.0 = Debug|iPhoneSimulator
		{9B485615-3C84-42DC-BCE6-4E8C2C45F21F}.Debug|iPhoneSimulator.Deploy.0 = Debug|iPhoneSimulator
		{9B485615-3C84-42DC-BCE6-4E8C2C45F21F}.Debug|x64.ActiveCfg = Debug|iPhone
		{9B485615-3C84-42DC-BCE6-4E8C2C45F21F}.Debug|x64.Build.0 = Debug|iPhone
		{9B485615-3C84-42DC-BCE6-4E8C2C45F21F}.Debug|x64.Deploy.0 = Debug|iPhone
		{9B485615-3C84-42DC-BCE6-4E8C2C45F21F}.Debug|x86.ActiveCfg = Debug|iPhone
		{9B485615-3C84-42DC-BCE6-4E8C2C45F21F}.Debug|x86.Build.0 = Debug|iPhone
		{9B485615-3C84-42DC-BCE6-4E8C2C45F21F}.Debug|x86.Deploy.0 = Debug|iPhone
		{9B485615-3C84-42DC-BCE6-4E8C2C45F21F}.Release|Any CPU.ActiveCfg = Release|iPhone
		{9B485615-3C84-42DC-BCE6-4E8C2C45F21F}.Release|Any CPU.Build.0 = Release|iPhone
		{9B485615-3C84-42DC-BCE6-4E8C2C45F21F}.Release|Any CPU.Deploy.0 = Release|iPhone
		{9B485615-3C84-42DC-BCE6-4E8C2C45F21F}.Release|ARM.ActiveCfg = Release|iPhone
		{9B485615-3C84-42DC-BCE6-4E8C2C45F21F}.Release|ARM.Build.0 = Release|iPhone
		{9B485615-3C84-42DC-BCE6-4E8C2C45F21F}.Release|ARM.Deploy.0 = Release|iPhone
		{9B485615-3C84-42DC-BCE6-4E8C2C45F21F}.Release|iPhone.ActiveCfg = Release|iPhone
		{9B485615-3C84-42DC-BCE6-4E8C2C45F21F}.Release|iPhone.Build.0 = Release|iPhone
		{9B485615-3C84-42DC-BCE6-4E8C2C45F21F}.Release|iPhone.Deploy.0 = Release|iPhone
		{9B485615-3C84-42DC-BCE6-4E8C2C45F21F}.Release|iPhoneSimulator.ActiveCfg = Release|iPhoneSimulator
		{9B485615-3C84-42DC-BCE6-4E8C2C45F21F}.Release|iPhoneSimulator.Build.0 = Release|iPhoneSimulator
		{9B485615-3C84-42DC-BCE6-4E8C2C45F21F}.Release|iPhoneSimulator.Deploy.0 = Release|iPhoneSimulator
		{9B485615-3C84-42DC-BCE6-4E8C2C45F21F}.Release|x64.ActiveCfg = Release|iPhone
		{9B485615-3C84-42DC-BCE6-4E8C2C45F21F}.Release|x64.Build.0 = Release|iPhone
		{9B485615-3C84-42DC-BCE6-4E8C2C45F21F}.Release|x64.Deploy.0 = Release|iPhone
		{9B485615-3C84-42DC-BCE6-4E8C2C45F21F}.Release|x86.ActiveCfg = Release|iPhone
		{9B485615-3C84-42DC-BCE6-4E8C2C45F21F}.Release|x86.Build.0 = Release|iPhone
		{9B485615-3C84-42DC-BCE6-4E8C2C45F21F}.Release|x86.Deploy.0 = Release|iPhone
		{6FA00E11-8FB4-457C-BAEA-58AC2DB3E433}.Ad-Hoc|Any CPU.ActiveCfg = Release|x86
		{6FA00E11-8FB4-457C-BAEA-58AC2DB3E433}.Ad-Hoc|Any CPU.Build.0 = Release|x86
		{6FA00E11-8FB4-457C-BAEA-58AC2DB3E433}.Ad-Hoc|Any CPU.Deploy.0 = Release|x86
		{6FA00E11-8FB4-457C-BAEA-58AC2DB3E433}.Ad-Hoc|ARM.ActiveCfg = Release|ARM
		{6FA00E11-8FB4-457C-BAEA-58AC2DB3E433}.Ad-Hoc|ARM.Build.0 = Release|ARM
		{6FA00E11-8FB4-457C-BAEA-58AC2DB3E433}.Ad-Hoc|ARM.Deploy.0 = Release|ARM
		{6FA00E11-8FB4-457C-BAEA-58AC2DB3E433}.Ad-Hoc|iPhone.ActiveCfg = Release|x86
		{6FA00E11-8FB4-457C-BAEA-58AC2DB3E433}.Ad-Hoc|iPhone.Build.0 = Release|x86
		{6FA00E11-8FB4-457C-BAEA-58AC2DB3E433}.Ad-Hoc|iPhone.Deploy.0 = Release|x86
		{6FA00E11-8FB4-457C-BAEA-58AC2DB3E433}.Ad-Hoc|iPhoneSimulator.ActiveCfg = Release|x86
		{6FA00E11-8FB4-457C-BAEA-58AC2DB3E433}.Ad-Hoc|iPhoneSimulator.Build.0 = Release|x86
		{6FA00E11-8FB4-457C-BAEA-58AC2DB3E433}.Ad-Hoc|iPhoneSimulator.Deploy.0 = Release|x86
		{6FA00E11-8FB4-457C-BAEA-58AC2DB3E433}.Ad-Hoc|x64.ActiveCfg = Release|x64
		{6FA00E11-8FB4-457C-BAEA-58AC2DB3E433}.Ad-Hoc|x64.Build.0 = Release|x64
		{6FA00E11-8FB4-457C-BAEA-58AC2DB3E433}.Ad-Hoc|x64.Deploy.0 = Release|x64
		{6FA00E11-8FB4-457C-BAEA-58AC2DB3E433}.Ad-Hoc|x86.ActiveCfg = Release|x86
		{6FA00E11-8FB4-457C-BAEA-58AC2DB3E433}.Ad-Hoc|x86.Build.0 = Release|x86
		{6FA00E11-8FB4-457C-BAEA-58AC2DB3E433}.Ad-Hoc|x86.Deploy.0 = Release|x86
		{6FA00E11-8FB4-457C-BAEA-58AC2DB3E433}.AppStore|Any CPU.ActiveCfg = Release|x86
		{6FA00E11-8FB4-457C-BAEA-58AC2DB3E433}.AppStore|Any CPU.Build.0 = Release|x86
		{6FA00E11-8FB4-457C-BAEA-58AC2DB3E433}.AppStore|Any CPU.Deploy.0 = Release|x86
		{6FA00E11-8FB4-457C-BAEA-58AC2DB3E433}.AppStore|ARM.ActiveCfg = Release|ARM
		{6FA00E11-8FB4-457C-BAEA-58AC2DB3E433}.AppStore|ARM.Build.0 = Release|ARM
		{6FA00E11-8FB4-457C-BAEA-58AC2DB3E433}.AppStore|ARM.Deploy.0 = Release|ARM
		{6FA00E11-8FB4-457C-BAEA-58AC2DB3E433}.AppStore|iPhone.ActiveCfg = Release|x86
		{6FA00E11-8FB4-457C-BAEA-58AC2DB3E433}.AppStore|iPhone.Build.0 = Release|x86
		{6FA00E11-8FB4-457C-BAEA-58AC2DB3E433}.AppStore|iPhone.Deploy.0 = Release|x86
		{6FA00E11-8FB4-457C-BAEA-58AC2DB3E433}.AppStore|iPhoneSimulator.ActiveCfg = Release|x86
		{6FA00E11-8FB4-457C-BAEA-58AC2DB3E433}.AppStore|iPhoneSimulator.Build.0 = Release|x86
		{6FA00E11-8FB4-457C-BAEA-58AC2DB3E433}.AppStore|iPhoneSimulator.Deploy.0 = Release|x86
		{6FA00E11-8FB4-457C-BAEA-58AC2DB3E433}.AppStore|x64.ActiveCfg = Release|x64
		{6FA00E11-8FB4-457C-BAEA-58AC2DB3E433}.AppStore|x64.Build.0 = Release|x64
		{6FA00E11-8FB4-457C-BAEA-58AC2DB3E433}.AppStore|x64.Deploy.0 = Release|x64
		{6FA00E11-8FB4-457C-BAEA-58AC2DB3E433}.AppStore|x86.ActiveCfg = Release|x86
		{6FA00E11-8FB4-457C-BAEA-58AC2DB3E433}.AppStore|x86.Build.0 = Release|x86
		{6FA00E11-8FB4-457C-BAEA-58AC2DB3E433}.AppStore|x86.Deploy.0 = Release|x86
		{6FA00E11-8FB4-457C-BAEA-58AC2DB3E433}.Debug|Any CPU.ActiveCfg = Debug|x86
		{6FA00E11-8FB4-457C-BAEA-58AC2DB3E433}.Debug|Any CPU.Build.0 = Debug|x86
		{6FA00E11-8FB4-457C-BAEA-58AC2DB3E433}.Debug|Any CPU.Deploy.0 = Debug|x86
		{6FA00E11-8FB4-457C-BAEA-58AC2DB3E433}.Debug|ARM.ActiveCfg = Debug|ARM
		{6FA00E11-8FB4-457C-BAEA-58AC2DB3E433}.Debug|ARM.Build.0 = Debug|ARM
		{6FA00E11-8FB4-457C-BAEA-58AC2DB3E433}.Debug|ARM.Deploy.0 = Debug|ARM
		{6FA00E11-8FB4-457C-BAEA-58AC2DB3E433}.Debug|iPhone.ActiveCfg = Debug|x86
		{6FA00E11-8FB4-457C-BAEA-58AC2DB3E433}.Debug|iPhone.Build.0 = Debug|x86
		{6FA00E11-8FB4-457C-BAEA-58AC2DB3E433}.Debug|iPhone.Deploy.0 = Debug|x86
		{6FA00E11-8FB4-457C-BAEA-58AC2DB3E433}.Debug|iPhoneSimulator.ActiveCfg = Debug|x86
		{6FA00E11-8FB4-457C-BAEA-58AC2DB3E433}.Debug|iPhoneSimulator.Build.0 = Debug|x86
		{6FA00E11-8FB4-457C-BAEA-58AC2DB3E433}.Debug|iPhoneSimulator.Deploy.0 = Debug|x86
		{6FA00E11-8FB4-457C-BAEA-58AC2DB3E433}.Debug|x64.ActiveCfg = Debug|x64
		{6FA00E11-8FB4-457C-BAEA-58AC2DB3E433}.Debug|x64.Build.0 = Debug|x64
		{6FA00E11-8FB4-457C-BAEA-58AC2DB3E433}.Debug|x64.Deploy.0 = Debug|x64
		{6FA00E11-8FB4-457C-BAEA-58AC2DB3E433}.Debug|x86.ActiveCfg = Debug|x86
		{6FA00E11-8FB4-457C-BAEA-58AC2DB3E433}.Debug|x86.Build.0 = Debug|x86
		{6FA00E11-8FB4-457C-BAEA-58AC2DB3E433}.Debug|x86.Deploy.0 = Debug|x86
		{6FA00E11-8FB4-457C-BAEA-58AC2DB3E433}.Release|Any CPU.ActiveCfg = Release|x86
		{6FA00E11-8FB4-457C-BAEA-58AC2DB3E433}.Release|Any CPU.Build.0 = Release|x86
		{6FA00E11-8FB4-457C-BAEA-58AC2DB3E433}.Release|Any CPU.Deploy.0 = Release|x86
		{6FA00E11-8FB4-457C-BAEA-58AC2DB3E433}.Release|ARM.ActiveCfg = Release|ARM
		{6FA00E11-8FB4-457C-BAEA-58AC2DB3E433}.Release|ARM.Build.0 = Release|ARM
		{6FA00E11-8FB4-457C-BAEA-58AC2DB3E433}.Release|ARM.Deploy.0 = Release|ARM
		{6FA00E11-8FB4-457C-BAEA-58AC2DB3E433}.Release|iPhone.ActiveCfg = Release|x86
		{6FA00E11-8FB4-457C-BAEA-58AC2DB3E433}.Release|iPhone.Build.0 = Release|x86
		{6FA00E11-8FB4-457C-BAEA-58AC2DB3E433}.Release|iPhone.Deploy.0 = Release|x86
		{6FA00E11-8FB4-457C-BAEA-58AC2DB3E433}.Release|iPhoneSimulator.ActiveCfg = Release|x86
		{6FA00E11-8FB4-457C-BAEA-58AC2DB3E433}.Release|iPhoneSimulator.Build.0 = Release|x86
		{6FA00E11-8FB4-457C-BAEA-58AC2DB3E433}.Release|iPhoneSimulator.Deploy.0 = Release|x86
		{6FA00E11-8FB4-457C-BAEA-58AC2DB3E433}.Release|x64.ActiveCfg = Release|x64
		{6FA00E11-8FB4-457C-BAEA-58AC2DB3E433}.Release|x64.Build.0 = Release|x64
		{6FA00E11-8FB4-457C-BAEA-58AC2DB3E433}.Release|x64.Deploy.0 = Release|x64
		{6FA00E11-8FB4-457C-BAEA-58AC2DB3E433}.Release|x86.ActiveCfg = Release|x86
		{6FA00E11-8FB4-457C-BAEA-58AC2DB3E433}.Release|x86.Build.0 = Release|x86
		{6FA00E11-8FB4-457C-BAEA-58AC2DB3E433}.Release|x86.Deploy.0 = Release|x86
		{7F307CBE-BB46-44C6-A6EC-16685B4143B6}.Ad-Hoc|Any CPU.ActiveCfg = Debug|Any CPU
		{7F307CBE-BB46-44C6-A6EC-16685B4143B6}.Ad-Hoc|Any CPU.Build.0 = Debug|Any CPU
		{7F307CBE-BB46-44C6-A6EC-16685B4143B6}.Ad-Hoc|Any CPU.Deploy.0 = Debug|Any CPU
		{7F307CBE-BB46-44C6-A6EC-16685B4143B6}.Ad-Hoc|ARM.ActiveCfg = Debug|Any CPU
		{7F307CBE-BB46-44C6-A6EC-16685B4143B6}.Ad-Hoc|ARM.Build.0 = Debug|Any CPU
		{7F307CBE-BB46-44C6-A6EC-16685B4143B6}.Ad-Hoc|ARM.Deploy.0 = Debug|Any CPU
		{7F307CBE-BB46-44C6-A6EC-16685B4143B6}.Ad-Hoc|iPhone.ActiveCfg = Debug|Any CPU
		{7F307CBE-BB46-44C6-A6EC-16685B4143B6}.Ad-Hoc|iPhone.Build.0 = Debug|Any CPU
		{7F307CBE-BB46-44C6-A6EC-16685B4143B6}.Ad-Hoc|iPhone.Deploy.0 = Debug|Any CPU
		{7F307CBE-BB46-44C6-A6EC-16685B4143B6}.Ad-Hoc|iPhoneSimulator.ActiveCfg = Debug|Any CPU
		{7F307CBE-BB46-44C6-A6EC-16685B4143B6}.Ad-Hoc|iPhoneSimulator.Build.0 = Debug|Any CPU
		{7F307CBE-BB46-44C6-A6EC-16685B4143B6}.Ad-Hoc|iPhoneSimulator.Deploy.0 = Debug|Any CPU
		{7F307CBE-BB46-44C6-A6EC-16685B4143B6}.Ad-Hoc|x64.ActiveCfg = Debug|Any CPU
		{7F307CBE-BB46-44C6-A6EC-16685B4143B6}.Ad-Hoc|x64.Build.0 = Debug|Any CPU
		{7F307CBE-BB46-44C6-A6EC-16685B4143B6}.Ad-Hoc|x64.Deploy.0 = Debug|Any CPU
		{7F307CBE-BB46-44C6-A6EC-16685B4143B6}.Ad-Hoc|x86.ActiveCfg = Debug|Any CPU
		{7F307CBE-BB46-44C6-A6EC-16685B4143B6}.Ad-Hoc|x86.Build.0 = Debug|Any CPU
		{7F307CBE-BB46-44C6-A6EC-16685B4143B6}.Ad-Hoc|x86.Deploy.0 = Debug|Any CPU
		{7F307CBE-BB46-44C6-A6EC-16685B4143B6}.AppStore|Any CPU.ActiveCfg = Debug|Any CPU
		{7F307CBE-BB46-44C6-A6EC-16685B4143B6}.AppStore|Any CPU.Build.0 = Debug|Any CPU
		{7F307CBE-BB46-44C6-A6EC-16685B4143B6}.AppStore|Any CPU.Deploy.0 = Debug|Any CPU
		{7F307CBE-BB46-44C6-A6EC-16685B4143B6}.AppStore|ARM.ActiveCfg = Debug|Any CPU
		{7F307CBE-BB46-44C6-A6EC-16685B4143B6}.AppStore|ARM.Build.0 = Debug|Any CPU
		{7F307CBE-BB46-44C6-A6EC-16685B4143B6}.AppStore|ARM.Deploy.0 = Debug|Any CPU
		{7F307CBE-BB46-44C6-A6EC-16685B4143B6}.AppStore|iPhone.ActiveCfg = Debug|Any CPU
		{7F307CBE-BB46-44C6-A6EC-16685B4143B6}.AppStore|iPhone.Build.0 = Debug|Any CPU
		{7F307CBE-BB46-44C6-A6EC-16685B4143B6}.AppStore|iPhone.Deploy.0 = Debug|Any CPU
		{7F307CBE-BB46-44C6-A6EC-16685B4143B6}.AppStore|iPhoneSimulator.ActiveCfg = Debug|Any CPU
		{7F307CBE-BB46-44C6-A6EC-16685B4143B6}.AppStore|iPhoneSimulator.Build.0 = Debug|Any CPU
		{7F307CBE-BB46-44C6-A6EC-16685B4143B6}.AppStore|iPhoneSimulator.Deploy.0 = Debug|Any CPU
		{7F307CBE-BB46-44C6-A6EC-16685B4143B6}.AppStore|x64.ActiveCfg = Debug|Any CPU
		{7F307CBE-BB46-44C6-A6EC-16685B4143B6}.AppStore|x64.Build.0 = Debug|Any CPU
		{7F307CBE-BB46-44C6-A6EC-16685B4143B6}.AppStore|x64.Deploy.0 = Debug|Any CPU
		{7F307CBE-BB46-44C6-A6EC-16685B4143B6}.AppStore|x86.ActiveCfg = Debug|Any CPU
		{7F307CBE-BB46-44C6-A6EC-16685B4143B6}.AppStore|x86.Build.0 = Debug|Any CPU
		{7F307CBE-BB46-44C6-A6EC-16685B4143B6}.AppStore|x86.Deploy.0 = Debug|Any CPU
		{7F307CBE-BB46-44C6-A6EC-16685B4143B6}.Debug|Any CPU.ActiveCfg = Debug|Any CPU
		{7F307CBE-BB46-44C6-A6EC-16685B4143B6}.Debug|Any CPU.Build.0 = Debug|Any CPU
		{7F307CBE-BB46-44C6-A6EC-16685B4143B6}.Debug|Any CPU.Deploy.0 = Debug|Any CPU
		{7F307CBE-BB46-44C6-A6EC-16685B4143B6}.Debug|ARM.ActiveCfg = Debug|Any CPU
		{7F307CBE-BB46-44C6-A6EC-16685B4143B6}.Debug|ARM.Build.0 = Debug|Any CPU
		{7F307CBE-BB46-44C6-A6EC-16685B4143B6}.Debug|ARM.Deploy.0 = Debug|Any CPU
		{7F307CBE-BB46-44C6-A6EC-16685B4143B6}.Debug|iPhone.ActiveCfg = Debug|Any CPU
		{7F307CBE-BB46-44C6-A6EC-16685B4143B6}.Debug|iPhone.Build.0 = Debug|Any CPU
		{7F307CBE-BB46-44C6-A6EC-16685B4143B6}.Debug|iPhone.Deploy.0 = Debug|Any CPU
		{7F307CBE-BB46-44C6-A6EC-16685B4143B6}.Debug|iPhoneSimulator.ActiveCfg = Debug|Any CPU
		{7F307CBE-BB46-44C6-A6EC-16685B4143B6}.Debug|iPhoneSimulator.Build.0 = Debug|Any CPU
		{7F307CBE-BB46-44C6-A6EC-16685B4143B6}.Debug|iPhoneSimulator.Deploy.0 = Debug|Any CPU
		{7F307CBE-BB46-44C6-A6EC-16685B4143B6}.Debug|x64.ActiveCfg = Debug|Any CPU
		{7F307CBE-BB46-44C6-A6EC-16685B4143B6}.Debug|x64.Build.0 = Debug|Any CPU
		{7F307CBE-BB46-44C6-A6EC-16685B4143B6}.Debug|x64.Deploy.0 = Debug|Any CPU
		{7F307CBE-BB46-44C6-A6EC-16685B4143B6}.Debug|x86.ActiveCfg = Debug|Any CPU
		{7F307CBE-BB46-44C6-A6EC-16685B4143B6}.Debug|x86.Build.0 = Debug|Any CPU
		{7F307CBE-BB46-44C6-A6EC-16685B4143B6}.Debug|x86.Deploy.0 = Debug|Any CPU
		{7F307CBE-BB46-44C6-A6EC-16685B4143B6}.Release|Any CPU.ActiveCfg = Release|Any CPU
		{7F307CBE-BB46-44C6-A6EC-16685B4143B6}.Release|Any CPU.Build.0 = Release|Any CPU
		{7F307CBE-BB46-44C6-A6EC-16685B4143B6}.Release|Any CPU.Deploy.0 = Release|Any CPU
		{7F307CBE-BB46-44C6-A6EC-16685B4143B6}.Release|ARM.ActiveCfg = Release|Any CPU
		{7F307CBE-BB46-44C6-A6EC-16685B4143B6}.Release|ARM.Build.0 = Release|Any CPU
		{7F307CBE-BB46-44C6-A6EC-16685B4143B6}.Release|ARM.Deploy.0 = Release|Any CPU
		{7F307CBE-BB46-44C6-A6EC-16685B4143B6}.Release|iPhone.ActiveCfg = Release|Any CPU
		{7F307CBE-BB46-44C6-A6EC-16685B4143B6}.Release|iPhone.Build.0 = Release|Any CPU
		{7F307CBE-BB46-44C6-A6EC-16685B4143B6}.Release|iPhone.Deploy.0 = Release|Any CPU
		{7F307CBE-BB46-44C6-A6EC-16685B4143B6}.Release|iPhoneSimulator.ActiveCfg = Release|Any CPU
		{7F307CBE-BB46-44C6-A6EC-16685B4143B6}.Release|iPhoneSimulator.Build.0 = Release|Any CPU
		{7F307CBE-BB46-44C6-A6EC-16685B4143B6}.Release|iPhoneSimulator.Deploy.0 = Release|Any CPU
		{7F307CBE-BB46-44C6-A6EC-16685B4143B6}.Release|x64.ActiveCfg = Release|Any CPU
		{7F307CBE-BB46-44C6-A6EC-16685B4143B6}.Release|x64.Build.0 = Release|Any CPU
		{7F307CBE-BB46-44C6-A6EC-16685B4143B6}.Release|x64.Deploy.0 = Release|Any CPU
		{7F307CBE-BB46-44C6-A6EC-16685B4143B6}.Release|x86.ActiveCfg = Release|Any CPU
		{7F307CBE-BB46-44C6-A6EC-16685B4143B6}.Release|x86.Build.0 = Release|Any CPU
		{7F307CBE-BB46-44C6-A6EC-16685B4143B6}.Release|x86.Deploy.0 = Release|Any CPU
	EndGlobalSection
	GlobalSection(SolutionProperties) = preSolution
		HideSolutionNode = FALSE
	EndGlobalSection
	GlobalSection(ExtensibilityGlobals) = postSolution
		SolutionGuid = {24773137-946D-49A1-B7C6-8AB272ED671B}
	EndGlobalSection
EndGlobal
